
Microsoft Visual Studio Solution File, Format Version 12.00
# Visual Studio Version 17
VisualStudioVersion = 17.4.33110.190
MinimumVisualStudioVersion = 10.0.40219.1
Project("{FAE04EC0-301F-11D3-BF4B-00C04F79EFBC}") = "PersonaPJR", "PersonaPJR\PersonaPJR.csproj", "{92BAE21A-B6DB-4FCD-8394-B8516D2129DF}"
EndProject
Global
	GlobalSection(SolutionConfigurationPlatforms) = preSolution
		Debug|Any CPU = Debug|Any CPU
		Release|Any CPU = Release|Any CPU
	EndGlobalSection
	GlobalSection(ProjectConfigurationPlatforms) = postSolution
		{92BAE21A-B6DB-4FCD-8394-B8516D2129DF}.Debug|Any CPU.ActiveCfg = Debug|Any CPU
		{92BAE21A-B6DB-4FCD-8394-B8516D2129DF}.Debug|Any CPU.Build.0 = Debug|Any CPU
		{92BAE21A-B6DB-4FCD-8394-B8516D2129DF}.Release|Any CPU.ActiveCfg = Release|Any CPU
		{92BAE21A-B6DB-4FCD-8394-B8516D2129DF}.Release|Any CPU.Build.0 = Release|Any CPU
	EndGlobalSection
	GlobalSection(SolutionProperties) = preSolution
		HideSolutionNode = FALSE
	EndGlobalSection
	GlobalSection(ExtensibilityGlobals) = postSolution
		SolutionGuid = {832F006B-7DE3-41B0-A02D-6C902E4FC2E0}
	EndGlobalSection
EndGlobal
